
Microsoft Visual Studio Solution File, Format Version 12.00
# Visual Studio Version 16
VisualStudioVersion = 16.0.29009.5
MinimumVisualStudioVersion = 10.0.40219.1
Project("{FAE04EC0-301F-11D3-BF4B-00C04F79EFBC}") = "NorthwindDemoBackend", "NorthwindDemoBackend\NorthwindDemoBackend.csproj", "{F4C41D60-089B-4D47-BD49-1E8A5AA1512E}"
EndProject
Global
	GlobalSection(SolutionConfigurationPlatforms) = preSolution
		Debug|Any CPU = Debug|Any CPU
		Release|Any CPU = Release|Any CPU
	EndGlobalSection
	GlobalSection(ProjectConfigurationPlatforms) = postSolution
		{F4C41D60-089B-4D47-BD49-1E8A5AA1512E}.Debug|Any CPU.ActiveCfg = Debug|Any CPU
		{F4C41D60-089B-4D47-BD49-1E8A5AA1512E}.Debug|Any CPU.Build.0 = Debug|Any CPU
		{F4C41D60-089B-4D47-BD49-1E8A5AA1512E}.Release|Any CPU.ActiveCfg = Release|Any CPU
		{F4C41D60-089B-4D47-BD49-1E8A5AA1512E}.Release|Any CPU.Build.0 = Release|Any CPU
	EndGlobalSection
	GlobalSection(SolutionProperties) = preSolution
		HideSolutionNode = FALSE
	EndGlobalSection
	GlobalSection(ExtensibilityGlobals) = postSolution
		SolutionGuid = {58ED6B3D-F60D-42CE-B340-1EA64E727942}
	EndGlobalSection
EndGlobal
